
Microsoft Visual Studio Solution File, Format Version 12.00
# Visual Studio 15
VisualStudioVersion = 15.0.28010.2026
MinimumVisualStudioVersion = 10.0.40219.1
Project("{9A19103F-16F7-4668-BE54-9A1E7A4F7556}") = "BirdWatcher.Web", "BirdWatcher.Web.csproj", "{64B4CE88-6F91-4571-9ACC-FD27443D229E}"
EndProject
Global
	GlobalSection(SolutionConfigurationPlatforms) = preSolution
		Debug|Any CPU = Debug|Any CPU
		Release|Any CPU = Release|Any CPU
	EndGlobalSection
	GlobalSection(ProjectConfigurationPlatforms) = postSolution
		{64B4CE88-6F91-4571-9ACC-FD27443D229E}.Debug|Any CPU.ActiveCfg = Debug|Any CPU
		{64B4CE88-6F91-4571-9ACC-FD27443D229E}.Debug|Any CPU.Build.0 = Debug|Any CPU
		{64B4CE88-6F91-4571-9ACC-FD27443D229E}.Release|Any CPU.ActiveCfg = Release|Any CPU
		{64B4CE88-6F91-4571-9ACC-FD27443D229E}.Release|Any CPU.Build.0 = Release|Any CPU
	EndGlobalSection
	GlobalSection(SolutionProperties) = preSolution
		HideSolutionNode = FALSE
	EndGlobalSection
	GlobalSection(ExtensibilityGlobals) = postSolution
		SolutionGuid = {F7DC86F5-D311-434F-943E-AB416D41F5E4}
	EndGlobalSection
EndGlobal
